// !$*UTF8*$!
{
	archiveVersion = 1;
	classes = {
	};
	objectVersion = 50;
	objects = {

/* Begin PBXBuildFile section */
		786361C828CF3FF500329AAC /* AppDelegate.swift in Sources */ = {isa = PBXBuildFile; fileRef = 786361C728CF3FF500329AAC /* AppDelegate.swift */; };
		786361CA28CF3FF500329AAC /* SceneDelegate.swift in Sources */ = {isa = PBXBuildFile; fileRef = 786361C928CF3FF500329AAC /* SceneDelegate.swift */; };
		786361CC28CF3FF500329AAC /* ViewController.swift in Sources */ = {isa = PBXBuildFile; fileRef = 786361CB28CF3FF500329AAC /* ViewController.swift */; };
		786361CF28CF3FF500329AAC /* Main.storyboard in Resources */ = {isa = PBXBuildFile; fileRef = 786361CD28CF3FF500329AAC /* Main.storyboard */; };
		786361D128CF3FF600329AAC /* Assets.xcassets in Resources */ = {isa = PBXBuildFile; fileRef = 786361D028CF3FF600329AAC /* Assets.xcassets */; };
		786361D428CF3FF600329AAC /* LaunchScreen.storyboard in Resources */ = {isa = PBXBuildFile; fileRef = 786361D228CF3FF600329AAC /* LaunchScreen.storyboard */; };
		786361DD28CF40EE00329AAC /* MyCollectionViewCell.swift in Sources */ = {isa = PBXBuildFile; fileRef = 786361DC28CF40EE00329AAC /* MyCollectionViewCell.swift */; };
/* End PBXBuildFile section */

/* Begin PBXFileReference section */
		786361C428CF3FF500329AAC /* CollectionLayout Sample.app */ = {isa = PBXFileReference; explicitFileType = wrapper.application; includeInIndex = 0; path = "CollectionLayout Sample.app"; sourceTree = BUILT_PRODUCTS_DIR; };
		786361C728CF3FF500329AAC /* AppDelegate.swift */ = {isa = PBXFileReference; lastKnownFileType = sourcecode.swift; path = AppDelegate.swift; sourceTree = "<group>"; };
		786361C928CF3FF500329AAC /* SceneDelegate.swift */ = {isa = PBXFileReference; lastKnownFileType = sourcecode.swift; path = SceneDelegate.swift; sourceTree = "<group>"; };
		786361CB28CF3FF500329AAC /* ViewController.swift */ = {isa = PBXFileReference; lastKnownFileType = sourcecode.swift; path = ViewController.swift; sourceTree = "<group>"; };
		786361CE28CF3FF500329AAC /* Base */ = {isa = PBXFileReference; lastKnownFileType = file.storyboard; name = Base; path = Base.lproj/Main.storyboard; sourceTree = "<group>"; };
		786361D028CF3FF600329AAC /* Assets.xcassets */ = {isa = PBXFileReference; lastKnownFileType = folder.assetcatalog; path = Assets.xcassets; sourceTree = "<group>"; };
		786361D328CF3FF600329AAC /* Base */ = {isa = PBXFileReference; lastKnownFileType = file.storyboard; name = Base; path = Base.lproj/LaunchScreen.storyboard; sourceTree = "<group>"; };
		786361D528CF3FF600329AAC /* Info.plist */ = {isa = PBXFileReference; lastKnownFileType = text.plist.xml; path = Info.plist; sourceTree = "<group>"; };
		786361DC28CF40EE00329AAC /* MyCollectionViewCell.swift */ = {isa = PBXFileReference; lastKnownFileType = sourcecode.swift; path = MyCollectionViewCell.swift; sourceTree = "<group>"; };
/* End PBXFileReference section */

/* Begin PBXFrameworksBuildPhase section */
		786361C128CF3FF500329AAC /* Frameworks */ = {
			isa = PBXFrameworksBuildPhase;
			buildActionMask = 2147483647;
			files = (
			);
			runOnlyForDeploymentPostprocessing = 0;
		};
/* End PBXFrameworksBuildPhase section */

/* Begin PBXGroup section */
		786361BB28CF3FF500329AAC = {
			isa = PBXGroup;
			children = (
				786361C628CF3FF500329AAC /* CollectionLayout Sample */,
				786361C528CF3FF500329AAC /* Products */,
			);
			sourceTree = "<group>";
		};
		786361C528CF3FF500329AAC /* Products */ = {
			isa = PBXGroup;
			children = (
				786361C428CF3FF500329AAC /* CollectionLayout Sample.app */,
			);
			name = Products;
			sourceTree = "<group>";
		};
		786361C628CF3FF500329AAC /* CollectionLayout Sample */ = {
			isa = PBXGroup;
			children = (
				786361C728CF3FF500329AAC /* AppDelegate.swift */,
				786361C928CF3FF500329AAC /* SceneDelegate.swift */,
				786361CB28CF3FF500329AAC /* ViewController.swift */,
				786361CD28CF3FF500329AAC /* Main.storyboard */,
				786361D028CF3FF600329AAC /* Assets.xcassets */,
				786361D228CF3FF600329AAC /* LaunchScreen.storyboard */,
				786361D528CF3FF600329AAC /* Info.plist */,
				786361DC28CF40EE00329AAC /* MyCollectionViewCell.swift */,
			);
			path = "CollectionLayout Sample";
			sourceTree = "<group>";
		};
/* End PBXGroup section */

/* Begin PBXNativeTarget section */
		786361C328CF3FF500329AAC /* CollectionLayout Sample */ = {
			isa = PBXNativeTarget;
			buildConfigurationList = 786361D828CF3FF600329AAC /* Build configuration list for PBXNativeTarget "CollectionLayout Sample" */;
			buildPhases = (
				786361C028CF3FF500329AAC /* Sources */,
				786361C128CF3FF500329AAC /* Frameworks */,
				786361C228CF3FF500329AAC /* Resources */,
			);
			buildRules = (
			);
			dependencies = (
			);
			name = "CollectionLayout Sample";
			productName = "CollectionLayout Sample";
			productReference = 786361C428CF3FF500329AAC /* CollectionLayout Sample.app */;
			productType = "com.apple.product-type.application";
		};
/* End PBXNativeTarget section */

/* Begin PBXProject section */
		786361BC28CF3FF500329AAC /* Project object */ = {
			isa = PBXProject;
			attributes = {
				LastSwiftUpdateCheck = 1230;
				LastUpgradeCheck = 1230;
				TargetAttributes = {
					786361C328CF3FF500329AAC = {
						CreatedOnToolsVersion = 12.3;
					};
				};
			};
			buildConfigurationList = 786361BF28CF3FF500329AAC /* Build configuration list for PBXProject "CollectionLayout Sample" */;
			compatibilityVersion = "Xcode 9.3";
			developmentRegion = en;
			hasScannedForEncodings = 0;
			knownRegions = (
				en,
				Base,
			);
			mainGroup = 786361BB28CF3FF500329AAC;
			productRefGroup = 786361C528CF3FF500329AAC /* Products */;
			projectDirPath = "";
			projectRoot = "";
			targets = (
				786361C328CF3FF500329AAC /* CollectionLayout Sample */,
			);
		};
/* End PBXProject section */

/* Begin PBXResourcesBuildPhase section */
		786361C228CF3FF500329AAC /* Resources */ = {
			isa = PBXResourcesBuildPhase;
			buildActionMask = 2147483647;
			files = (
				786361D428CF3FF600329AAC /* LaunchScreen.storyboard in Resources */,
				786361D128CF3FF600329AAC /* Assets.xcassets in Resources */,
				786361CF28CF3FF500329AAC /* Main.storyboard in Resources */,
			);
			runOnlyForDeploymentPostprocessing = 0;
		};
/* End PBXResourcesBuildPhase section */

/* Begin PBXSourcesBuildPhase section */
		786361C028CF3FF500329AAC /* Sources */ = {
			isa = PBXSourcesBuildPhase;
			buildActionMask = 2147483647;
			files = (
				786361CC28CF3FF500329AAC /* ViewController.swift in Sources */,
				786361C828CF3FF500329AAC /* AppDelegate.swift in Sources */,
				786361DD28CF40EE00329AAC /* MyCollectionViewCell.swift in Sources */,
				786361CA28CF3FF500329AAC /* SceneDelegate.swift in Sources */,
			);
			runOnlyForDeploymentPostprocessing = 0;
		};
/* End PBXSourcesBuildPhase section */

/* Begin PBXVariantGroup section */
		786361CD28CF3FF500329AAC /* Main.storyboard */ = {
			isa = PBXVariantGroup;
			children = (
				786361CE28CF3FF500329AAC /* Base */,
			);
			name = Main.storyboard;
			sourceTree = "<group>";
		};
		786361D228CF3FF600329AAC /* LaunchScreen.storyboard */ = {
			isa = PBXVariantGroup;
			children = (
				786361D328CF3FF600329AAC /* Base */,
			);
			name = LaunchScreen.storyboard;
			sourceTree = "<group>";
		};
/* End PBXVariantGroup section */

/* Begin XCBuildConfiguration section */
		786361D628CF3FF600329AAC /* Debug */ = {
			isa = XCBuildConfiguration;
			buildSettings = {
				ALWAYS_SEARCH_USER_PATHS = NO;
				CLANG_ANALYZER_NONNULL = YES;
				CLANG_ANALYZER_NUMBER_OBJECT_CONVERSION = YES_AGGRESSIVE;
				CLANG_CXX_LANGUAGE_STANDARD = "gnu++14";
				CLANG_CXX_LIBRARY = "libc++";
				CLANG_ENABLE_MODULES = YES;
				CLANG_ENABLE_OBJC_ARC = YES;
				CLANG_ENABLE_OBJC_WEAK = YES;
				CLANG_WARN_BLOCK_CAPTURE_AUTORELEASING = YES;
				CLANG_WARN_BOOL_CONVERSION = YES;
				CLANG_WARN_COMMA = YES;
				CLANG_WARN_CONSTANT_CONVERSION = YES;
				CLANG_WARN_DEPRECATED_OBJC_IMPLEMENTATIONS = YES;
				CLANG_WARN_DIRECT_OBJC_ISA_USAGE = YES_ERROR;
				CLANG_WARN_DOCUMENTATION_COMMENTS = YES;
				CLANG_WARN_EMPTY_BODY = YES;
				CLANG_WARN_ENUM_CONVERSION = YES;
				CLANG_WARN_INFINITE_RECURSION = YES;
				CLANG_WARN_INT_CONVERSION = YES;
				CLANG_WARN_NON_LITERAL_NULL_CONVERSION = YES;
				CLANG_WARN_OBJC_IMPLICIT_RETAIN_SELF = YES;
				CLANG_WARN_OBJC_LITERAL_CONVERSION = YES;
				CLANG_WARN_OBJC_ROOT_CLASS = YES_ERROR;
				CLANG_WARN_QUOTED_INCLUDE_IN_FRAMEWORK_HEADER = YES;
				CLANG_WARN_RANGE_LOOP_ANALYSIS = YES;
				CLANG_WARN_STRICT_PROTOTYPES = YES;
				CLANG_WARN_SUSPICIOUS_MOVE = YES;
				CLANG_WARN_UNGUARDED_AVAILABILITY = YES_AGGRESSIVE;
				CLANG_WARN_UNREACHABLE_CODE = YES;
				CLANG_WARN__DUPLICATE_METHOD_MATCH = YES;
				COPY_PHASE_STRIP = NO;
				DEBUG_INFORMATION_FORMAT = dwarf;
				ENABLE_STRICT_OBJC_MSGSEND = YES;
				ENABLE_TESTABILITY = YES;
				GCC_C_LANGUAGE_STANDARD = gnu11;
				GCC_DYNAMIC_NO_PIC = NO;
				GCC_NO_COMMON_BLOCKS = YES;
				GCC_OPTIMIZATION_LEVEL = 0;
				GCC_PREPROCESSOR_DEFINITIONS = (
					"DEBUG=1",
					"$(inherited)",
				);
				GCC_WARN_64_TO_32_BIT_CONVERSION = YES;
				GCC_WARN_ABOUT_RETURN_TYPE = YES_ERROR;
				GCC_WARN_UNDECLARED_SELECTOR = YES;
				GCC_WARN_UNINITIALIZED_AUTOS = YES_AGGRESSIVE;
				GCC_WARN_UNUSED_FUNCTION = YES;
				GCC_WARN_UNUSED_VARIABLE = YES;
				IPHONEOS_DEPLOYMENT_TARGET = 14.3;
				MTL_ENABLE_DEBUG_INFO = INCLUDE_SOURCE;
				MTL_FAST_MATH = YES;
				ONLY_ACTIVE_ARCH = YES;
				SDKROOT = iphoneos;
				SWIFT_ACTIVE_COMPILATION_CONDITIONS = DEBUG;
				SWIFT_OPTIMIZATION_LEVEL = "-Onone";
			};
			name = Debug;
		};
		786361D728CF3FF600329AAC /* Release */ = {
			isa = XCBuildConfiguration;
			buildSettings = {
				ALWAYS_SEARCH_USER_PATHS = NO;
				CLANG_ANALYZER_NONNULL = YES;
				CLANG_ANALYZER_NUMBER_OBJECT_CONVERSION = YES_AGGRESSIVE;
				CLANG_CXX_LANGUAGE_STANDARD = "gnu++14";
				CLANG_CXX_LIBRARY = "libc++";
				CLANG_ENABLE_MODULES = YES;
				CLANG_ENABLE_OBJC_ARC = YES;
				CLANG_ENABLE_OBJC_WEAK = YES;
				CLANG_WARN_BLOCK_CAPTURE_AUTORELEASING = YES;
				CLANG_WARN_BOOL_CONVERSION = YES;
				CLANG_WARN_COMMA = YES;
				CLANG_WARN_CONSTANT_CONVERSION = YES;
				CLANG_WARN_DEPRECATED_OBJC_IMPLEMENTATIONS = YES;
				CLANG_WARN_DIRECT_OBJC_ISA_USAGE = YES_ERROR;
				CLANG_WARN_DOCUMENTATION_COMMENTS = YES;
				CLANG_WARN_EMPTY_BODY = YES;
				CLANG_WARN_ENUM_CONVERSION = YES;
				CLANG_WARN_INFINITE_RECURSION = YES;
				CLANG_WARN_INT_CONVERSION = YES;
				CLANG_WARN_NON_LITERAL_NULL_CONVERSION = YES;
				CLANG_WARN_OBJC_IMPLICIT_RETAIN_SELF = YES;
				CLANG_WARN_OBJC_LITERAL_CONVERSION = YES;
				CLANG_WARN_OBJC_ROOT_CLASS = YES_ERROR;
				CLANG_WARN_QUOTED_INCLUDE_IN_FRAMEWORK_HEADER = YES;
				CLANG_WARN_RANGE_LOOP_ANALYSIS = YES;
				CLANG_WARN_STRICT_PROTOTYPES = YES;
				CLANG_WARN_SUSPICIOUS_MOVE = YES;
				CLANG_WARN_UNGUARDED_AVAILABILITY = YES_AGGRESSIVE;
				CLANG_WARN_UNREACHABLE_CODE = YES;
				CLANG_WARN__DUPLICATE_METHOD_MATCH = YES;
				COPY_PHASE_STRIP = NO;
				DEBUG_INFORMATION_FORMAT = "dwarf-with-dsym";
				ENABLE_NS_ASSERTIONS = NO;
				ENABLE_STRICT_OBJC_MSGSEND = YES;
				GCC_C_LANGUAGE_STANDARD = gnu11;
				GCC_NO_COMMON_BLOCKS = YES;
				GCC_WARN_64_TO_32_BIT_CONVERSION = YES;
				GCC_WARN_ABOUT_RETURN_TYPE = YES_ERROR;
				GCC_WARN_UNDECLARED_SELECTOR = YES;
				GCC_WARN_UNINITIALIZED_AUTOS = YES_AGGRESSIVE;
				GCC_WARN_UNUSED_FUNCTION = YES;
				GCC_WARN_UNUSED_VARIABLE = YES;
				IPHONEOS_DEPLOYMENT_TARGET = 14.3;
				MTL_ENABLE_DEBUG_INFO = NO;
				MTL_FAST_MATH = YES;
				SDKROOT = iphoneos;
				SWIFT_COMPILATION_MODE = wholemodule;
				SWIFT_OPTIMIZATION_LEVEL = "-O";
				VALIDATE_PRODUCT = YES;
			};
			name = Release;
		};
		786361D928CF3FF600329AAC /* Debug */ = {
			isa = XCBuildConfiguration;
			buildSettings = {
				ASSETCATALOG_COMPILER_APPICON_NAME = AppIcon;
				ASSETCATALOG_COMPILER_GLOBAL_ACCENT_COLOR_NAME = AccentColor;
				CODE_SIGN_STYLE = Automatic;
				DEVELOPMENT_TEAM = 6CWF679Z8N;
				INFOPLIST_FILE = "CollectionLayout Sample/Info.plist";
				LD_RUNPATH_SEARCH_PATHS = (
					"$(inherited)",
					"@executable_path/Frameworks",
				);
				PRODUCT_BUNDLE_IDENTIFIER = "Apple-Inc.CollectionLayout-Sample";
				PRODUCT_NAME = "$(TARGET_NAME)";
				SWIFT_VERSION = 5.0;
				TARGETED_DEVICE_FAMILY = "1,2";
			};
			name = Debug;
		};
		786361DA28CF3FF600329AAC /* Release */ = {
			isa = XCBuildConfiguration;
			buildSettings = {
				ASSETCATALOG_COMPILER_APPICON_NAME = AppIcon;
				ASSETCATALOG_COMPILER_GLOBAL_ACCENT_COLOR_NAME = AccentColor;
				CODE_SIGN_STYLE = Automatic;
				DEVELOPMENT_TEAM = 6CWF679Z8N;
				INFOPLIST_FILE = "CollectionLayout Sample/Info.plist";
				LD_RUNPATH_SEARCH_PATHS = (
					"$(inherited)",
					"@executable_path/Frameworks",
				);
				PRODUCT_BUNDLE_IDENTIFIER = "Apple-Inc.CollectionLayout-Sample";
				PRODUCT_NAME = "$(TARGET_NAME)";
				SWIFT_VERSION = 5.0;
				TARGETED_DEVICE_FAMILY = "1,2";
			};
			name = Release;
		};
/* End XCBuildConfiguration section */

/* Begin XCConfigurationList section */
		786361BF28CF3FF500329AAC /* Build configuration list for PBXProject "CollectionLayout Sample" */ = {
			isa = XCConfigurationList;
			buildConfigurations = (
				786361D628CF3FF600329AAC /* Debug */,
				786361D728CF3FF600329AAC /* Release */,
			);
			defaultConfigurationIsVisible = 0;
			defaultConfigurationName = Release;
		};
		786361D828CF3FF600329AAC /* Build configuration list for PBXNativeTarget "CollectionLayout Sample" */ = {
			isa = XCConfigurationList;
			buildConfigurations = (
				786361D928CF3FF600329AAC /* Debug */,
				786361DA28CF3FF600329AAC /* Release */,
			);
			defaultConfigurationIsVisible = 0;
			defaultConfigurationName = Release;
		};
/* End XCConfigurationList section */
	};
	rootObject = 786361BC28CF3FF500329AAC /* Project object */;
}
