// !$*UTF8*$!
{
	archiveVersion = 1;
	classes = {
	};
	objectVersion = 50;
	objects = {

/* Begin PBXBuildFile section */
		789B1551290D5CC1006E2240 /* AppDelegate.swift in Sources */ = {isa = PBXBuildFile; fileRef = 789B1550290D5CC1006E2240 /* AppDelegate.swift */; };
		789B1553290D5CC1006E2240 /* SceneDelegate.swift in Sources */ = {isa = PBXBuildFile; fileRef = 789B1552290D5CC1006E2240 /* SceneDelegate.swift */; };
		789B1555290D5CC1006E2240 /* ViewController.swift in Sources */ = {isa = PBXBuildFile; fileRef = 789B1554290D5CC1006E2240 /* ViewController.swift */; };
		789B1558290D5CC1006E2240 /* Main.storyboard in Resources */ = {isa = PBXBuildFile; fileRef = 789B1556290D5CC1006E2240 /* Main.storyboard */; };
		789B155A290D5CC2006E2240 /* Assets.xcassets in Resources */ = {isa = PBXBuildFile; fileRef = 789B1559290D5CC2006E2240 /* Assets.xcassets */; };
		789B155D290D5CC2006E2240 /* LaunchScreen.storyboard in Resources */ = {isa = PBXBuildFile; fileRef = 789B155B290D5CC2006E2240 /* LaunchScreen.storyboard */; };
		94D2A51909AB6F5157520F93 /* Pods_MyCalenderDemo.framework in Frameworks */ = {isa = PBXBuildFile; fileRef = 8F9A91551F7370EB47F0D3BA /* Pods_MyCalenderDemo.framework */; };
/* End PBXBuildFile section */

/* Begin PBXFileReference section */
		789B154D290D5CC1006E2240 /* MyCalenderDemo.app */ = {isa = PBXFileReference; explicitFileType = wrapper.application; includeInIndex = 0; path = MyCalenderDemo.app; sourceTree = BUILT_PRODUCTS_DIR; };
		789B1550290D5CC1006E2240 /* AppDelegate.swift */ = {isa = PBXFileReference; lastKnownFileType = sourcecode.swift; path = AppDelegate.swift; sourceTree = "<group>"; };
		789B1552290D5CC1006E2240 /* SceneDelegate.swift */ = {isa = PBXFileReference; lastKnownFileType = sourcecode.swift; path = SceneDelegate.swift; sourceTree = "<group>"; };
		789B1554290D5CC1006E2240 /* ViewController.swift */ = {isa = PBXFileReference; lastKnownFileType = sourcecode.swift; path = ViewController.swift; sourceTree = "<group>"; };
		789B1557290D5CC1006E2240 /* Base */ = {isa = PBXFileReference; lastKnownFileType = file.storyboard; name = Base; path = Base.lproj/Main.storyboard; sourceTree = "<group>"; };
		789B1559290D5CC2006E2240 /* Assets.xcassets */ = {isa = PBXFileReference; lastKnownFileType = folder.assetcatalog; path = Assets.xcassets; sourceTree = "<group>"; };
		789B155C290D5CC2006E2240 /* Base */ = {isa = PBXFileReference; lastKnownFileType = file.storyboard; name = Base; path = Base.lproj/LaunchScreen.storyboard; sourceTree = "<group>"; };
		789B155E290D5CC2006E2240 /* Info.plist */ = {isa = PBXFileReference; lastKnownFileType = text.plist.xml; path = Info.plist; sourceTree = "<group>"; };
		8F9A91551F7370EB47F0D3BA /* Pods_MyCalenderDemo.framework */ = {isa = PBXFileReference; explicitFileType = wrapper.framework; includeInIndex = 0; path = Pods_MyCalenderDemo.framework; sourceTree = BUILT_PRODUCTS_DIR; };
		E209AD4CA6327C5626709BA5 /* Pods-MyCalenderDemo.release.xcconfig */ = {isa = PBXFileReference; includeInIndex = 1; lastKnownFileType = text.xcconfig; name = "Pods-MyCalenderDemo.release.xcconfig"; path = "Target Support Files/Pods-MyCalenderDemo/Pods-MyCalenderDemo.release.xcconfig"; sourceTree = "<group>"; };
		ECC75BD622D7ED6B64C1F02F /* Pods-MyCalenderDemo.debug.xcconfig */ = {isa = PBXFileReference; includeInIndex = 1; lastKnownFileType = text.xcconfig; name = "Pods-MyCalenderDemo.debug.xcconfig"; path = "Target Support Files/Pods-MyCalenderDemo/Pods-MyCalenderDemo.debug.xcconfig"; sourceTree = "<group>"; };
/* End PBXFileReference section */

/* Begin PBXFrameworksBuildPhase section */
		789B154A290D5CC1006E2240 /* Frameworks */ = {
			isa = PBXFrameworksBuildPhase;
			buildActionMask = 2147483647;
			files = (
				94D2A51909AB6F5157520F93 /* Pods_MyCalenderDemo.framework in Frameworks */,
			);
			runOnlyForDeploymentPostprocessing = 0;
		};
/* End PBXFrameworksBuildPhase section */

/* Begin PBXGroup section */
		1544F4EB6D5687C8DDB460E5 /* Pods */ = {
			isa = PBXGroup;
			children = (
				ECC75BD622D7ED6B64C1F02F /* Pods-MyCalenderDemo.debug.xcconfig */,
				E209AD4CA6327C5626709BA5 /* Pods-MyCalenderDemo.release.xcconfig */,
			);
			name = Pods;
			path = Pods;
			sourceTree = "<group>";
		};
		789B1544290D5CC1006E2240 = {
			isa = PBXGroup;
			children = (
				789B154F290D5CC1006E2240 /* MyCalenderDemo */,
				789B154E290D5CC1006E2240 /* Products */,
				1544F4EB6D5687C8DDB460E5 /* Pods */,
				F970404F9D7D1B644CDAE0C2 /* Frameworks */,
			);
			sourceTree = "<group>";
		};
		789B154E290D5CC1006E2240 /* Products */ = {
			isa = PBXGroup;
			children = (
				789B154D290D5CC1006E2240 /* MyCalenderDemo.app */,
			);
			name = Products;
			sourceTree = "<group>";
		};
		789B154F290D5CC1006E2240 /* MyCalenderDemo */ = {
			isa = PBXGroup;
			children = (
				789B1550290D5CC1006E2240 /* AppDelegate.swift */,
				789B1552290D5CC1006E2240 /* SceneDelegate.swift */,
				789B1554290D5CC1006E2240 /* ViewController.swift */,
				789B1556290D5CC1006E2240 /* Main.storyboard */,
				789B1559290D5CC2006E2240 /* Assets.xcassets */,
				789B155B290D5CC2006E2240 /* LaunchScreen.storyboard */,
				789B155E290D5CC2006E2240 /* Info.plist */,
			);
			path = MyCalenderDemo;
			sourceTree = "<group>";
		};
		F970404F9D7D1B644CDAE0C2 /* Frameworks */ = {
			isa = PBXGroup;
			children = (
				8F9A91551F7370EB47F0D3BA /* Pods_MyCalenderDemo.framework */,
			);
			name = Frameworks;
			sourceTree = "<group>";
		};
/* End PBXGroup section */

/* Begin PBXNativeTarget section */
		789B154C290D5CC1006E2240 /* MyCalenderDemo */ = {
			isa = PBXNativeTarget;
			buildConfigurationList = 789B1561290D5CC2006E2240 /* Build configuration list for PBXNativeTarget "MyCalenderDemo" */;
			buildPhases = (
				7864E4E4D62470B4498B00BC /* [CP] Check Pods Manifest.lock */,
				789B1549290D5CC1006E2240 /* Sources */,
				789B154A290D5CC1006E2240 /* Frameworks */,
				789B154B290D5CC1006E2240 /* Resources */,
				A9AF7982BB09DECFEE4A87FE /* [CP] Embed Pods Frameworks */,
			);
			buildRules = (
			);
			dependencies = (
			);
			name = MyCalenderDemo;
			productName = MyCalenderDemo;
			productReference = 789B154D290D5CC1006E2240 /* MyCalenderDemo.app */;
			productType = "com.apple.product-type.application";
		};
/* End PBXNativeTarget section */

/* Begin PBXProject section */
		789B1545290D5CC1006E2240 /* Project object */ = {
			isa = PBXProject;
			attributes = {
				LastSwiftUpdateCheck = 1230;
				LastUpgradeCheck = 1230;
				TargetAttributes = {
					789B154C290D5CC1006E2240 = {
						CreatedOnToolsVersion = 12.3;
					};
				};
			};
			buildConfigurationList = 789B1548290D5CC1006E2240 /* Build configuration list for PBXProject "MyCalenderDemo" */;
			compatibilityVersion = "Xcode 9.3";
			developmentRegion = en;
			hasScannedForEncodings = 0;
			knownRegions = (
				en,
				Base,
			);
			mainGroup = 789B1544290D5CC1006E2240;
			productRefGroup = 789B154E290D5CC1006E2240 /* Products */;
			projectDirPath = "";
			projectRoot = "";
			targets = (
				789B154C290D5CC1006E2240 /* MyCalenderDemo */,
			);
		};
/* End PBXProject section */

/* Begin PBXResourcesBuildPhase section */
		789B154B290D5CC1006E2240 /* Resources */ = {
			isa = PBXResourcesBuildPhase;
			buildActionMask = 2147483647;
			files = (
				789B155D290D5CC2006E2240 /* LaunchScreen.storyboard in Resources */,
				789B155A290D5CC2006E2240 /* Assets.xcassets in Resources */,
				789B1558290D5CC1006E2240 /* Main.storyboard in Resources */,
			);
			runOnlyForDeploymentPostprocessing = 0;
		};
/* End PBXResourcesBuildPhase section */

/* Begin PBXShellScriptBuildPhase section */
		7864E4E4D62470B4498B00BC /* [CP] Check Pods Manifest.lock */ = {
			isa = PBXShellScriptBuildPhase;
			buildActionMask = 2147483647;
			files = (
			);
			inputFileListPaths = (
			);
			inputPaths = (
				"${PODS_PODFILE_DIR_PATH}/Podfile.lock",
				"${PODS_ROOT}/Manifest.lock",
			);
			name = "[CP] Check Pods Manifest.lock";
			outputFileListPaths = (
			);
			outputPaths = (
				"$(DERIVED_FILE_DIR)/Pods-MyCalenderDemo-checkManifestLockResult.txt",
			);
			runOnlyForDeploymentPostprocessing = 0;
			shellPath = /bin/sh;
			shellScript = "diff \"${PODS_PODFILE_DIR_PATH}/Podfile.lock\" \"${PODS_ROOT}/Manifest.lock\" > /dev/null\nif [ $? != 0 ] ; then\n    # print error to STDERR\n    echo \"error: The sandbox is not in sync with the Podfile.lock. Run 'pod install' or update your CocoaPods installation.\" >&2\n    exit 1\nfi\n# This output is used by Xcode 'outputs' to avoid re-running this script phase.\necho \"SUCCESS\" > \"${SCRIPT_OUTPUT_FILE_0}\"\n";
			showEnvVarsInLog = 0;
		};
		A9AF7982BB09DECFEE4A87FE /* [CP] Embed Pods Frameworks */ = {
			isa = PBXShellScriptBuildPhase;
			buildActionMask = 2147483647;
			files = (
			);
			inputFileListPaths = (
				"${PODS_ROOT}/Target Support Files/Pods-MyCalenderDemo/Pods-MyCalenderDemo-frameworks-${CONFIGURATION}-input-files.xcfilelist",
			);
			name = "[CP] Embed Pods Frameworks";
			outputFileListPaths = (
				"${PODS_ROOT}/Target Support Files/Pods-MyCalenderDemo/Pods-MyCalenderDemo-frameworks-${CONFIGURATION}-output-files.xcfilelist",
			);
			runOnlyForDeploymentPostprocessing = 0;
			shellPath = /bin/sh;
			shellScript = "\"${PODS_ROOT}/Target Support Files/Pods-MyCalenderDemo/Pods-MyCalenderDemo-frameworks.sh\"\n";
			showEnvVarsInLog = 0;
		};
/* End PBXShellScriptBuildPhase section */

/* Begin PBXSourcesBuildPhase section */
		789B1549290D5CC1006E2240 /* Sources */ = {
			isa = PBXSourcesBuildPhase;
			buildActionMask = 2147483647;
			files = (
				789B1555290D5CC1006E2240 /* ViewController.swift in Sources */,
				789B1551290D5CC1006E2240 /* AppDelegate.swift in Sources */,
				789B1553290D5CC1006E2240 /* SceneDelegate.swift in Sources */,
			);
			runOnlyForDeploymentPostprocessing = 0;
		};
/* End PBXSourcesBuildPhase section */

/* Begin PBXVariantGroup section */
		789B1556290D5CC1006E2240 /* Main.storyboard */ = {
			isa = PBXVariantGroup;
			children = (
				789B1557290D5CC1006E2240 /* Base */,
			);
			name = Main.storyboard;
			sourceTree = "<group>";
		};
		789B155B290D5CC2006E2240 /* LaunchScreen.storyboard */ = {
			isa = PBXVariantGroup;
			children = (
				789B155C290D5CC2006E2240 /* Base */,
			);
			name = LaunchScreen.storyboard;
			sourceTree = "<group>";
		};
/* End PBXVariantGroup section */

/* Begin XCBuildConfiguration section */
		789B155F290D5CC2006E2240 /* Debug */ = {
			isa = XCBuildConfiguration;
			buildSettings = {
				ALWAYS_SEARCH_USER_PATHS = NO;
				CLANG_ANALYZER_NONNULL = YES;
				CLANG_ANALYZER_NUMBER_OBJECT_CONVERSION = YES_AGGRESSIVE;
				CLANG_CXX_LANGUAGE_STANDARD = "gnu++14";
				CLANG_CXX_LIBRARY = "libc++";
				CLANG_ENABLE_MODULES = YES;
				CLANG_ENABLE_OBJC_ARC = YES;
				CLANG_ENABLE_OBJC_WEAK = YES;
				CLANG_WARN_BLOCK_CAPTURE_AUTORELEASING = YES;
				CLANG_WARN_BOOL_CONVERSION = YES;
				CLANG_WARN_COMMA = YES;
				CLANG_WARN_CONSTANT_CONVERSION = YES;
				CLANG_WARN_DEPRECATED_OBJC_IMPLEMENTATIONS = YES;
				CLANG_WARN_DIRECT_OBJC_ISA_USAGE = YES_ERROR;
				CLANG_WARN_DOCUMENTATION_COMMENTS = YES;
				CLANG_WARN_EMPTY_BODY = YES;
				CLANG_WARN_ENUM_CONVERSION = YES;
				CLANG_WARN_INFINITE_RECURSION = YES;
				CLANG_WARN_INT_CONVERSION = YES;
				CLANG_WARN_NON_LITERAL_NULL_CONVERSION = YES;
				CLANG_WARN_OBJC_IMPLICIT_RETAIN_SELF = YES;
				CLANG_WARN_OBJC_LITERAL_CONVERSION = YES;
				CLANG_WARN_OBJC_ROOT_CLASS = YES_ERROR;
				CLANG_WARN_QUOTED_INCLUDE_IN_FRAMEWORK_HEADER = YES;
				CLANG_WARN_RANGE_LOOP_ANALYSIS = YES;
				CLANG_WARN_STRICT_PROTOTYPES = YES;
				CLANG_WARN_SUSPICIOUS_MOVE = YES;
				CLANG_WARN_UNGUARDED_AVAILABILITY = YES_AGGRESSIVE;
				CLANG_WARN_UNREACHABLE_CODE = YES;
				CLANG_WARN__DUPLICATE_METHOD_MATCH = YES;
				COPY_PHASE_STRIP = NO;
				DEBUG_INFORMATION_FORMAT = dwarf;
				ENABLE_STRICT_OBJC_MSGSEND = YES;
				ENABLE_TESTABILITY = YES;
				GCC_C_LANGUAGE_STANDARD = gnu11;
				GCC_DYNAMIC_NO_PIC = NO;
				GCC_NO_COMMON_BLOCKS = YES;
				GCC_OPTIMIZATION_LEVEL = 0;
				GCC_PREPROCESSOR_DEFINITIONS = (
					"DEBUG=1",
					"$(inherited)",
				);
				GCC_WARN_64_TO_32_BIT_CONVERSION = YES;
				GCC_WARN_ABOUT_RETURN_TYPE = YES_ERROR;
				GCC_WARN_UNDECLARED_SELECTOR = YES;
				GCC_WARN_UNINITIALIZED_AUTOS = YES_AGGRESSIVE;
				GCC_WARN_UNUSED_FUNCTION = YES;
				GCC_WARN_UNUSED_VARIABLE = YES;
				IPHONEOS_DEPLOYMENT_TARGET = 14.3;
				MTL_ENABLE_DEBUG_INFO = INCLUDE_SOURCE;
				MTL_FAST_MATH = YES;
				ONLY_ACTIVE_ARCH = YES;
				SDKROOT = iphoneos;
				SWIFT_ACTIVE_COMPILATION_CONDITIONS = DEBUG;
				SWIFT_OPTIMIZATION_LEVEL = "-Onone";
			};
			name = Debug;
		};
		789B1560290D5CC2006E2240 /* Release */ = {
			isa = XCBuildConfiguration;
			buildSettings = {
				ALWAYS_SEARCH_USER_PATHS = NO;
				CLANG_ANALYZER_NONNULL = YES;
				CLANG_ANALYZER_NUMBER_OBJECT_CONVERSION = YES_AGGRESSIVE;
				CLANG_CXX_LANGUAGE_STANDARD = "gnu++14";
				CLANG_CXX_LIBRARY = "libc++";
				CLANG_ENABLE_MODULES = YES;
				CLANG_ENABLE_OBJC_ARC = YES;
				CLANG_ENABLE_OBJC_WEAK = YES;
				CLANG_WARN_BLOCK_CAPTURE_AUTORELEASING = YES;
				CLANG_WARN_BOOL_CONVERSION = YES;
				CLANG_WARN_COMMA = YES;
				CLANG_WARN_CONSTANT_CONVERSION = YES;
				CLANG_WARN_DEPRECATED_OBJC_IMPLEMENTATIONS = YES;
				CLANG_WARN_DIRECT_OBJC_ISA_USAGE = YES_ERROR;
				CLANG_WARN_DOCUMENTATION_COMMENTS = YES;
				CLANG_WARN_EMPTY_BODY = YES;
				CLANG_WARN_ENUM_CONVERSION = YES;
				CLANG_WARN_INFINITE_RECURSION = YES;
				CLANG_WARN_INT_CONVERSION = YES;
				CLANG_WARN_NON_LITERAL_NULL_CONVERSION = YES;
				CLANG_WARN_OBJC_IMPLICIT_RETAIN_SELF = YES;
				CLANG_WARN_OBJC_LITERAL_CONVERSION = YES;
				CLANG_WARN_OBJC_ROOT_CLASS = YES_ERROR;
				CLANG_WARN_QUOTED_INCLUDE_IN_FRAMEWORK_HEADER = YES;
				CLANG_WARN_RANGE_LOOP_ANALYSIS = YES;
				CLANG_WARN_STRICT_PROTOTYPES = YES;
				CLANG_WARN_SUSPICIOUS_MOVE = YES;
				CLANG_WARN_UNGUARDED_AVAILABILITY = YES_AGGRESSIVE;
				CLANG_WARN_UNREACHABLE_CODE = YES;
				CLANG_WARN__DUPLICATE_METHOD_MATCH = YES;
				COPY_PHASE_STRIP = NO;
				DEBUG_INFORMATION_FORMAT = "dwarf-with-dsym";
				ENABLE_NS_ASSERTIONS = NO;
				ENABLE_STRICT_OBJC_MSGSEND = YES;
				GCC_C_LANGUAGE_STANDARD = gnu11;
				GCC_NO_COMMON_BLOCKS = YES;
				GCC_WARN_64_TO_32_BIT_CONVERSION = YES;
				GCC_WARN_ABOUT_RETURN_TYPE = YES_ERROR;
				GCC_WARN_UNDECLARED_SELECTOR = YES;
				GCC_WARN_UNINITIALIZED_AUTOS = YES_AGGRESSIVE;
				GCC_WARN_UNUSED_FUNCTION = YES;
				GCC_WARN_UNUSED_VARIABLE = YES;
				IPHONEOS_DEPLOYMENT_TARGET = 14.3;
				MTL_ENABLE_DEBUG_INFO = NO;
				MTL_FAST_MATH = YES;
				SDKROOT = iphoneos;
				SWIFT_COMPILATION_MODE = wholemodule;
				SWIFT_OPTIMIZATION_LEVEL = "-O";
				VALIDATE_PRODUCT = YES;
			};
			name = Release;
		};
		789B1562290D5CC2006E2240 /* Debug */ = {
			isa = XCBuildConfiguration;
			baseConfigurationReference = ECC75BD622D7ED6B64C1F02F /* Pods-MyCalenderDemo.debug.xcconfig */;
			buildSettings = {
				ASSETCATALOG_COMPILER_APPICON_NAME = AppIcon;
				ASSETCATALOG_COMPILER_GLOBAL_ACCENT_COLOR_NAME = AccentColor;
				CODE_SIGN_STYLE = Automatic;
				DEVELOPMENT_TEAM = 6CWF679Z8N;
				INFOPLIST_FILE = MyCalenderDemo/Info.plist;
				LD_RUNPATH_SEARCH_PATHS = (
					"$(inherited)",
					"@executable_path/Frameworks",
				);
				PRODUCT_BUNDLE_IDENTIFIER = "Apple-Inc.MyCalenderDemo";
				PRODUCT_NAME = "$(TARGET_NAME)";
				SWIFT_VERSION = 5.0;
				TARGETED_DEVICE_FAMILY = "1,2";
			};
			name = Debug;
		};
		789B1563290D5CC2006E2240 /* Release */ = {
			isa = XCBuildConfiguration;
			baseConfigurationReference = E209AD4CA6327C5626709BA5 /* Pods-MyCalenderDemo.release.xcconfig */;
			buildSettings = {
				ASSETCATALOG_COMPILER_APPICON_NAME = AppIcon;
				ASSETCATALOG_COMPILER_GLOBAL_ACCENT_COLOR_NAME = AccentColor;
				CODE_SIGN_STYLE = Automatic;
				DEVELOPMENT_TEAM = 6CWF679Z8N;
				INFOPLIST_FILE = MyCalenderDemo/Info.plist;
				LD_RUNPATH_SEARCH_PATHS = (
					"$(inherited)",
					"@executable_path/Frameworks",
				);
				PRODUCT_BUNDLE_IDENTIFIER = "Apple-Inc.MyCalenderDemo";
				PRODUCT_NAME = "$(TARGET_NAME)";
				SWIFT_VERSION = 5.0;
				TARGETED_DEVICE_FAMILY = "1,2";
			};
			name = Release;
		};
/* End XCBuildConfiguration section */

/* Begin XCConfigurationList section */
		789B1548290D5CC1006E2240 /* Build configuration list for PBXProject "MyCalenderDemo" */ = {
			isa = XCConfigurationList;
			buildConfigurations = (
				789B155F290D5CC2006E2240 /* Debug */,
				789B1560290D5CC2006E2240 /* Release */,
			);
			defaultConfigurationIsVisible = 0;
			defaultConfigurationName = Release;
		};
		789B1561290D5CC2006E2240 /* Build configuration list for PBXNativeTarget "MyCalenderDemo" */ = {
			isa = XCConfigurationList;
			buildConfigurations = (
				789B1562290D5CC2006E2240 /* Debug */,
				789B1563290D5CC2006E2240 /* Release */,
			);
			defaultConfigurationIsVisible = 0;
			defaultConfigurationName = Release;
		};
/* End XCConfigurationList section */
	};
	rootObject = 789B1545290D5CC1006E2240 /* Project object */;
}
